
Microsoft Visual Studio Solution File, Format Version 12.00
# Visual Studio Version 17
VisualStudioVersion = 17.11.35222.181
MinimumVisualStudioVersion = 10.0.40219.1
Project("{FAE04EC0-301F-11D3-BF4B-00C04F79EFBC}") = "6351071034_LTWEB_K63", "6351071034_LTWEB_K63.csproj", "{4A50464B-A97B-446B-B4C2-B521C5334AAD}"
EndProject
Global
	GlobalSection(SolutionConfigurationPlatforms) = preSolution
		Debug|Any CPU = Debug|Any CPU
		Release|Any CPU = Release|Any CPU
	EndGlobalSection
	GlobalSection(ProjectConfigurationPlatforms) = postSolution
		{4A50464B-A97B-446B-B4C2-B521C5334AAD}.Debug|Any CPU.ActiveCfg = Debug|Any CPU
		{4A50464B-A97B-446B-B4C2-B521C5334AAD}.Debug|Any CPU.Build.0 = Debug|Any CPU
		{4A50464B-A97B-446B-B4C2-B521C5334AAD}.Release|Any CPU.ActiveCfg = Release|Any CPU
		{4A50464B-A97B-446B-B4C2-B521C5334AAD}.Release|Any CPU.Build.0 = Release|Any CPU
	EndGlobalSection
	GlobalSection(SolutionProperties) = preSolution
		HideSolutionNode = FALSE
	EndGlobalSection
	GlobalSection(ExtensibilityGlobals) = postSolution
		SolutionGuid = {BCA3CB79-EC24-47BD-B41F-3C0BF726194C}
	EndGlobalSection
EndGlobal
